<?xml version="1.0" encoding="UTF-8"?>
<Scheme
   version = "1.3">
   <BuildAction>
      <BuildActionEntries>
         <BuildActionEntry
            buildForRunning = "YES">
            <BuildableReference
               BuildableIdentifier = "primary"
               BlueprintIdentifier = "55D8AB942EBE16C700E53763"
               BuildableName = "umbrella-consumer.app"
               BlueprintName = "umbrella-consumer"
               ReferencedContainer = "container:umbrella-consumer.xcodeproj">
            </BuildableReference>
         </BuildActionEntry>
      </BuildActionEntries>
   </BuildAction>
   <LaunchAction
      useCustomWorkingDirectory = "NO"
      buildConfiguration = "Debug"
      allowLocationSimulation = "YES">
      <BuildableProductRunnable>
         <BuildableReference
            BuildableIdentifier = "primary"
            BlueprintIdentifier = "55D8AB942EBE16C700E53763"
            BuildableName = "umbrella-consumer.app"
            BlueprintName = "umbrella-consumer"
            ReferencedContainer = "container:umbrella-consumer.xcodeproj">
         </BuildableReference>
      </BuildableProductRunnable>
   </LaunchAction>
</Scheme>
